
Microsoft Visual Studio Solution File, Format Version 12.00
# Visual Studio 2012
Project("{FAE04EC0-301F-11D3-BF4B-00C04F79EFBC}") = "MlaWebApi", "MlaWebApi\MlaWebApi.csproj", "{3199A5D9-D28E-4D8F-8FA3-7D68D73FD50C}"
EndProject
Global
	GlobalSection(SolutionConfigurationPlatforms) = preSolution
		Debug|Any CPU = Debug|Any CPU
		Release|Any CPU = Release|Any CPU
	EndGlobalSection
	GlobalSection(ProjectConfigurationPlatforms) = postSolution
		{3199A5D9-D28E-4D8F-8FA3-7D68D73FD50C}.Debug|Any CPU.ActiveCfg = Debug|Any CPU
		{3199A5D9-D28E-4D8F-8FA3-7D68D73FD50C}.Debug|Any CPU.Build.0 = Debug|Any CPU
		{3199A5D9-D28E-4D8F-8FA3-7D68D73FD50C}.Release|Any CPU.ActiveCfg = Release|Any CPU
		{3199A5D9-D28E-4D8F-8FA3-7D68D73FD50C}.Release|Any CPU.Build.0 = Release|Any CPU
	EndGlobalSection
	GlobalSection(SolutionProperties) = preSolution
		HideSolutionNode = FALSE
	EndGlobalSection
EndGlobal
